// !$*UTF8*$!
{
	archiveVersion = 1;
	classes = {
	};
	objectVersion = 55;
	objects = {

/* Begin PBXBuildFile section */
		481A6B0928637C1D00AB9C89 /* DatePickerToggleView.swift in Sources */ = {isa = PBXBuildFile; fileRef = 481A6B0828637C1D00AB9C89 /* DatePickerToggleView.swift */; };
		481A6B0B2863944800AB9C89 /* UpdateEntryProgress.graphql in Resources */ = {isa = PBXBuildFile; fileRef = 481A6B0A2863944800AB9C89 /* UpdateEntryProgress.graphql */; };
		481A6B0D2864BEB500AB9C89 /* UpdateEntry.graphql in Resources */ = {isa = PBXBuildFile; fileRef = 481A6B0C2864BEB500AB9C89 /* UpdateEntry.graphql */; };
		481A6B102864CD0F00AB9C89 /* Kingfisher in Frameworks */ = {isa = PBXBuildFile; productRef = 481A6B0F2864CD0F00AB9C89 /* Kingfisher */; };
		481AD4DE2851CE73001779EE /* AniHyouApp.swift in Sources */ = {isa = PBXBuildFile; fileRef = 481AD4DD2851CE73001779EE /* AniHyouApp.swift */; };
		481AD4E02851CE73001779EE /* ContentView.swift in Sources */ = {isa = PBXBuildFile; fileRef = 481AD4DF2851CE73001779EE /* ContentView.swift */; };
		481AD4E22851CE74001779EE /* Assets.xcassets in Resources */ = {isa = PBXBuildFile; fileRef = 481AD4E12851CE74001779EE /* Assets.xcassets */; };
		481AD4E52851CE74001779EE /* Preview Assets.xcassets in Resources */ = {isa = PBXBuildFile; fileRef = 481AD4E42851CE74001779EE /* Preview Assets.xcassets */; };
		481AD4EE2851CF90001779EE /* Apollo in Frameworks */ = {isa = PBXBuildFile; productRef = 481AD4ED2851CF90001779EE /* Apollo */; };
		481AD4F12851D84C001779EE /* API.swift in Sources */ = {isa = PBXBuildFile; fileRef = 481AD4F02851D84C001779EE /* API.swift */; };
		481AD4F62851D917001779EE /* HomeView.swift in Sources */ = {isa = PBXBuildFile; fileRef = 481AD4F52851D917001779EE /* HomeView.swift */; };
		481AD4F82851D927001779EE /* HomeViewModel.swift in Sources */ = {isa = PBXBuildFile; fileRef = 481AD4F72851D927001779EE /* HomeViewModel.swift */; };
		481AD4FA2851DA02001779EE /* Network.swift in Sources */ = {isa = PBXBuildFile; fileRef = 481AD4F92851DA02001779EE /* Network.swift */; };
		481AD4FC2851F131001779EE /* HListItemWithSubtitleView.swift in Sources */ = {isa = PBXBuildFile; fileRef = 481AD4FB2851F131001779EE /* HListItemWithSubtitleView.swift */; };
		481AD4FE2851F677001779EE /* CoverPlaceholderView.swift in Sources */ = {isa = PBXBuildFile; fileRef = 481AD4FD2851F677001779EE /* CoverPlaceholderView.swift */; };
		481AD502285207B1001779EE /* DateUtils.swift in Sources */ = {isa = PBXBuildFile; fileRef = 481AD501285207B1001779EE /* DateUtils.swift */; };
		481AD50728522D74001779EE /* VListItemView.swift in Sources */ = {isa = PBXBuildFile; fileRef = 481AD50628522D74001779EE /* VListItemView.swift */; };
		4832B027285F279600E79D27 /* MediaDetails.graphql in Resources */ = {isa = PBXBuildFile; fileRef = 4832B026285F279600E79D27 /* MediaDetails.graphql */; };
		4832B029285F27E000E79D27 /* MediaDetailsViewModel.swift in Sources */ = {isa = PBXBuildFile; fileRef = 4832B028285F27E000E79D27 /* MediaDetailsViewModel.swift */; };
		4832B02C285F35E200E79D27 /* SwiftUIUtils.swift in Sources */ = {isa = PBXBuildFile; fileRef = 4832B02B285F35E200E79D27 /* SwiftUIUtils.swift */; };
		4832B02E285F38DC00E79D27 /* TopBannerView.swift in Sources */ = {isa = PBXBuildFile; fileRef = 4832B02D285F38DC00E79D27 /* TopBannerView.swift */; };
		4832B030285F3CDD00E79D27 /* MediaCoverView.swift in Sources */ = {isa = PBXBuildFile; fileRef = 4832B02F285F3CDD00E79D27 /* MediaCoverView.swift */; };
		4832B032285F406300E79D27 /* StringsPreview.swift in Sources */ = {isa = PBXBuildFile; fileRef = 4832B031285F406300E79D27 /* StringsPreview.swift */; };
		4832B034285F953100E79D27 /* MediaStatView.swift in Sources */ = {isa = PBXBuildFile; fileRef = 4832B033285F953100E79D27 /* MediaStatView.swift */; };
		4832B036285F9E1900E79D27 /* ExpandableTextView.swift in Sources */ = {isa = PBXBuildFile; fileRef = 4832B035285F9E1900E79D27 /* ExpandableTextView.swift */; };
		4859F4ED286DB73E00BCB9B2 /* RootExploreView.swift in Sources */ = {isa = PBXBuildFile; fileRef = 4859F4EC286DB73E00BCB9B2 /* RootExploreView.swift */; };
		48643F432853C50400D7C328 /* ViewerBasicInfo.graphql in Resources */ = {isa = PBXBuildFile; fileRef = 48643F422853C50400D7C328 /* ViewerBasicInfo.graphql */; };
		48643F452853C54800D7C328 /* ProfileViewModel.swift in Sources */ = {isa = PBXBuildFile; fileRef = 48643F442853C54800D7C328 /* ProfileViewModel.swift */; };
		48650F0C2860CBF40064C70A /* MediaListEditView.swift in Sources */ = {isa = PBXBuildFile; fileRef = 48650F0B2860CBF40064C70A /* MediaListEditView.swift */; };
		48650F0E2860CE720064C70A /* MediaListEditViewModel.swift in Sources */ = {isa = PBXBuildFile; fileRef = 48650F0D2860CE720064C70A /* MediaListEditViewModel.swift */; };
		486ED200285DD329002D29E1 /* UserMediaList.graphql in Resources */ = {isa = PBXBuildFile; fileRef = 486ED1FF285DD329002D29E1 /* UserMediaList.graphql */; };
		486ED205285DD484002D29E1 /* MediaListView.swift in Sources */ = {isa = PBXBuildFile; fileRef = 486ED204285DD484002D29E1 /* MediaListView.swift */; };
		486ED207285DD4D8002D29E1 /* MediaListItemView.swift in Sources */ = {isa = PBXBuildFile; fileRef = 486ED206285DD4D8002D29E1 /* MediaListItemView.swift */; };
		486ED209285DD649002D29E1 /* MediaListStatusView.swift in Sources */ = {isa = PBXBuildFile; fileRef = 486ED208285DD649002D29E1 /* MediaListStatusView.swift */; };
		486ED20D285DDC2F002D29E1 /* MediaListViewModel.swift in Sources */ = {isa = PBXBuildFile; fileRef = 486ED20C285DDC2F002D29E1 /* MediaListViewModel.swift */; };
		486ED20F285DDE03002D29E1 /* ViewerId.graphql in Resources */ = {isa = PBXBuildFile; fileRef = 486ED20E285DDE03002D29E1 /* ViewerId.graphql */; };
		486ED214285E3261002D29E1 /* MediaDetailsView.swift in Sources */ = {isa = PBXBuildFile; fileRef = 486ED213285E3261002D29E1 /* MediaDetailsView.swift */; };
		488C267928537B5F0005EE15 /* StringUtils.swift in Sources */ = {isa = PBXBuildFile; fileRef = 488C267828537B5F0005EE15 /* StringUtils.swift */; };
		488C267B2853801A0005EE15 /* Constants.swift in Sources */ = {isa = PBXBuildFile; fileRef = 488C267A2853801A0005EE15 /* Constants.swift */; };
		488C267E285380D90005EE15 /* ProfileView.swift in Sources */ = {isa = PBXBuildFile; fileRef = 488C267D285380D90005EE15 /* ProfileView.swift */; };
		488C26832853881F0005EE15 /* LoginViewModel.swift in Sources */ = {isa = PBXBuildFile; fileRef = 488C26822853881F0005EE15 /* LoginViewModel.swift */; };
		488C268828539CC30005EE15 /* KeychainSwift in Frameworks */ = {isa = PBXBuildFile; productRef = 488C268728539CC30005EE15 /* KeychainSwift */; };
		488C268A28539D5C0005EE15 /* Utils.swift in Sources */ = {isa = PBXBuildFile; fileRef = 488C268928539D5C0005EE15 /* Utils.swift */; };
		488C268C28539E240005EE15 /* TokenAddingInterceptor.swift in Sources */ = {isa = PBXBuildFile; fileRef = 488C268B28539E240005EE15 /* TokenAddingInterceptor.swift */; };
		488C268F28539F320005EE15 /* NetworkInterceptorProvider.swift in Sources */ = {isa = PBXBuildFile; fileRef = 488C268E28539F320005EE15 /* NetworkInterceptorProvider.swift */; };
		488C26912853A10D0005EE15 /* NotLoggedView.swift in Sources */ = {isa = PBXBuildFile; fileRef = 488C26902853A10D0005EE15 /* NotLoggedView.swift */; };
		48AB01F4286B6A4B004DC7FF /* SearchType.swift in Sources */ = {isa = PBXBuildFile; fileRef = 48AB01F3286B6A4B004DC7FF /* SearchType.swift */; };
		48AB01F6286B6F3C004DC7FF /* SearchMedia.graphql in Resources */ = {isa = PBXBuildFile; fileRef = 48AB01F5286B6F3C004DC7FF /* SearchMedia.graphql */; };
		48AB01F8286B724A004DC7FF /* SearchViewModel.swift in Sources */ = {isa = PBXBuildFile; fileRef = 48AB01F7286B724A004DC7FF /* SearchViewModel.swift */; };
		48CA07A9287035530048854E /* MediaInfoType.swift in Sources */ = {isa = PBXBuildFile; fileRef = 48CA07A8287035530048854E /* MediaInfoType.swift */; };
		48CA07AD28703BE60048854E /* MediaGeneralInfoView.swift in Sources */ = {isa = PBXBuildFile; fileRef = 48CA07AC28703BE60048854E /* MediaGeneralInfoView.swift */; };
		48CA07AF287063420048854E /* MediaCharactersAndStaff.graphql in Resources */ = {isa = PBXBuildFile; fileRef = 48CA07AE287063420048854E /* MediaCharactersAndStaff.graphql */; };
		48CA07B1287064B30048854E /* MediaCharactersAndStaffView.swift in Sources */ = {isa = PBXBuildFile; fileRef = 48CA07B0287064B30048854E /* MediaCharactersAndStaffView.swift */; };
		48CA07B328706BD70048854E /* CharacterView.swift in Sources */ = {isa = PBXBuildFile; fileRef = 48CA07B228706BD70048854E /* CharacterView.swift */; };
		48CA07B528706D8F0048854E /* CircleImageView.swift in Sources */ = {isa = PBXBuildFile; fileRef = 48CA07B428706D8F0048854E /* CircleImageView.swift */; };
		48CA07B728707DF80048854E /* StaffView.swift in Sources */ = {isa = PBXBuildFile; fileRef = 48CA07B628707DF80048854E /* StaffView.swift */; };
		48CA07B928709FFF0048854E /* MediaRelationsAndRecommendations.graphql in Resources */ = {isa = PBXBuildFile; fileRef = 48CA07B828709FFF0048854E /* MediaRelationsAndRecommendations.graphql */; };
		48CA07BB2870A0E40048854E /* MediaRelationsAndRecommendationsView.swift in Sources */ = {isa = PBXBuildFile; fileRef = 48CA07BA2870A0E40048854E /* MediaRelationsAndRecommendationsView.swift */; };
		48E4BBDB285484D50070DDD6 /* netfox in Frameworks */ = {isa = PBXBuildFile; productRef = 48E4BBDA285484D50070DDD6 /* netfox */; };
		48E80F9E28734DA5002765FC /* FullCoverView.swift in Sources */ = {isa = PBXBuildFile; fileRef = 48E80F9D28734DA5002765FC /* FullCoverView.swift */; };
		48FC9474286656F600C87F56 /* MediaInfoView.swift in Sources */ = {isa = PBXBuildFile; fileRef = 48FC9473286656F600C87F56 /* MediaInfoView.swift */; };
		48FC9479286852A300C87F56 /* ExploreView.swift in Sources */ = {isa = PBXBuildFile; fileRef = 48FC9478286852A300C87F56 /* ExploreView.swift */; };
		48FC947B2868653E00C87F56 /* RectangleTextView.swift in Sources */ = {isa = PBXBuildFile; fileRef = 48FC947A2868653E00C87F56 /* RectangleTextView.swift */; };
		48FC947D2868C09400C87F56 /* MediaChart.graphql in Resources */ = {isa = PBXBuildFile; fileRef = 48FC947C2868C09400C87F56 /* MediaChart.graphql */; };
		48FC947F2868C0BD00C87F56 /* ExploreViewModel.swift in Sources */ = {isa = PBXBuildFile; fileRef = 48FC947E2868C0BD00C87F56 /* ExploreViewModel.swift */; };
		48FC94812868C0F400C87F56 /* MediaChartListView.swift in Sources */ = {isa = PBXBuildFile; fileRef = 48FC94802868C0F400C87F56 /* MediaChartListView.swift */; };
		48FC94832868C6DB00C87F56 /* ChartListItemView.swift in Sources */ = {isa = PBXBuildFile; fileRef = 48FC94822868C6DB00C87F56 /* ChartListItemView.swift */; };
/* End PBXBuildFile section */

/* Begin PBXFileReference section */
		481A6B0828637C1D00AB9C89 /* DatePickerToggleView.swift */ = {isa = PBXFileReference; lastKnownFileType = sourcecode.swift; path = DatePickerToggleView.swift; sourceTree = "<group>"; };
		481A6B0A2863944800AB9C89 /* UpdateEntryProgress.graphql */ = {isa = PBXFileReference; lastKnownFileType = text; path = UpdateEntryProgress.graphql; sourceTree = "<group>"; };
		481A6B0C2864BEB500AB9C89 /* UpdateEntry.graphql */ = {isa = PBXFileReference; lastKnownFileType = text; path = UpdateEntry.graphql; sourceTree = "<group>"; };
		481AD4DA2851CE73001779EE /* AniHyou.app */ = {isa = PBXFileReference; explicitFileType = wrapper.application; includeInIndex = 0; path = AniHyou.app; sourceTree = BUILT_PRODUCTS_DIR; };
		481AD4DD2851CE73001779EE /* AniHyouApp.swift */ = {isa = PBXFileReference; lastKnownFileType = sourcecode.swift; path = AniHyouApp.swift; sourceTree = "<group>"; };
		481AD4DF2851CE73001779EE /* ContentView.swift */ = {isa = PBXFileReference; lastKnownFileType = sourcecode.swift; path = ContentView.swift; sourceTree = "<group>"; };
		481AD4E12851CE74001779EE /* Assets.xcassets */ = {isa = PBXFileReference; lastKnownFileType = folder.assetcatalog; path = Assets.xcassets; sourceTree = "<group>"; };
		481AD4E42851CE74001779EE /* Preview Assets.xcassets */ = {isa = PBXFileReference; lastKnownFileType = folder.assetcatalog; path = "Preview Assets.xcassets"; sourceTree = "<group>"; };
		481AD4EF2851D698001779EE /* Animes.graphql */ = {isa = PBXFileReference; lastKnownFileType = text; path = Animes.graphql; sourceTree = "<group>"; };
		481AD4F02851D84C001779EE /* API.swift */ = {isa = PBXFileReference; fileEncoding = 4; lastKnownFileType = sourcecode.swift; path = API.swift; sourceTree = "<group>"; };
		481AD4F52851D917001779EE /* HomeView.swift */ = {isa = PBXFileReference; lastKnownFileType = sourcecode.swift; path = HomeView.swift; sourceTree = "<group>"; };
		481AD4F72851D927001779EE /* HomeViewModel.swift */ = {isa = PBXFileReference; lastKnownFileType = sourcecode.swift; path = HomeViewModel.swift; sourceTree = "<group>"; };
		481AD4F92851DA02001779EE /* Network.swift */ = {isa = PBXFileReference; lastKnownFileType = sourcecode.swift; path = Network.swift; sourceTree = "<group>"; };
		481AD4FB2851F131001779EE /* HListItemWithSubtitleView.swift */ = {isa = PBXFileReference; lastKnownFileType = sourcecode.swift; path = HListItemWithSubtitleView.swift; sourceTree = "<group>"; };
		481AD4FD2851F677001779EE /* CoverPlaceholderView.swift */ = {isa = PBXFileReference; lastKnownFileType = sourcecode.swift; path = CoverPlaceholderView.swift; sourceTree = "<group>"; };
		481AD4FF285204E9001779EE /* AiringAnimes.graphql */ = {isa = PBXFileReference; lastKnownFileType = text; path = AiringAnimes.graphql; sourceTree = "<group>"; };
		481AD501285207B1001779EE /* DateUtils.swift */ = {isa = PBXFileReference; lastKnownFileType = sourcecode.swift; path = DateUtils.swift; sourceTree = "<group>"; };
		481AD50428522139001779EE /* SeasonalAnime.graphql */ = {isa = PBXFileReference; lastKnownFileType = text; path = SeasonalAnime.graphql; sourceTree = "<group>"; };
		481AD50628522D74001779EE /* VListItemView.swift */ = {isa = PBXFileReference; lastKnownFileType = sourcecode.swift; path = VListItemView.swift; sourceTree = "<group>"; };
		4832B026285F279600E79D27 /* MediaDetails.graphql */ = {isa = PBXFileReference; lastKnownFileType = text; path = MediaDetails.graphql; sourceTree = "<group>"; };
		4832B028285F27E000E79D27 /* MediaDetailsViewModel.swift */ = {isa = PBXFileReference; lastKnownFileType = sourcecode.swift; path = MediaDetailsViewModel.swift; sourceTree = "<group>"; };
		4832B02B285F35E200E79D27 /* SwiftUIUtils.swift */ = {isa = PBXFileReference; lastKnownFileType = sourcecode.swift; path = SwiftUIUtils.swift; sourceTree = "<group>"; };
		4832B02D285F38DC00E79D27 /* TopBannerView.swift */ = {isa = PBXFileReference; lastKnownFileType = sourcecode.swift; path = TopBannerView.swift; sourceTree = "<group>"; };
		4832B02F285F3CDD00E79D27 /* MediaCoverView.swift */ = {isa = PBXFileReference; lastKnownFileType = sourcecode.swift; path = MediaCoverView.swift; sourceTree = "<group>"; };
		4832B031285F406300E79D27 /* StringsPreview.swift */ = {isa = PBXFileReference; lastKnownFileType = sourcecode.swift; path = StringsPreview.swift; sourceTree = "<group>"; };
		4832B033285F953100E79D27 /* MediaStatView.swift */ = {isa = PBXFileReference; lastKnownFileType = sourcecode.swift; path = MediaStatView.swift; sourceTree = "<group>"; };
		4832B035285F9E1900E79D27 /* ExpandableTextView.swift */ = {isa = PBXFileReference; lastKnownFileType = sourcecode.swift; path = ExpandableTextView.swift; sourceTree = "<group>"; };
		4859F4EC286DB73E00BCB9B2 /* RootExploreView.swift */ = {isa = PBXFileReference; lastKnownFileType = sourcecode.swift; path = RootExploreView.swift; sourceTree = "<group>"; };
		48643F422853C50400D7C328 /* ViewerBasicInfo.graphql */ = {isa = PBXFileReference; lastKnownFileType = text; path = ViewerBasicInfo.graphql; sourceTree = "<group>"; };
		48643F442853C54800D7C328 /* ProfileViewModel.swift */ = {isa = PBXFileReference; lastKnownFileType = sourcecode.swift; path = ProfileViewModel.swift; sourceTree = "<group>"; };
		48650F0B2860CBF40064C70A /* MediaListEditView.swift */ = {isa = PBXFileReference; lastKnownFileType = sourcecode.swift; path = MediaListEditView.swift; sourceTree = "<group>"; };
		48650F0D2860CE720064C70A /* MediaListEditViewModel.swift */ = {isa = PBXFileReference; lastKnownFileType = sourcecode.swift; path = MediaListEditViewModel.swift; sourceTree = "<group>"; };
		486ED1FF285DD329002D29E1 /* UserMediaList.graphql */ = {isa = PBXFileReference; lastKnownFileType = text; path = UserMediaList.graphql; sourceTree = "<group>"; };
		486ED204285DD484002D29E1 /* MediaListView.swift */ = {isa = PBXFileReference; lastKnownFileType = sourcecode.swift; path = MediaListView.swift; sourceTree = "<group>"; };
		486ED206285DD4D8002D29E1 /* MediaListItemView.swift */ = {isa = PBXFileReference; lastKnownFileType = sourcecode.swift; path = MediaListItemView.swift; sourceTree = "<group>"; };
		486ED208285DD649002D29E1 /* MediaListStatusView.swift */ = {isa = PBXFileReference; lastKnownFileType = sourcecode.swift; path = MediaListStatusView.swift; sourceTree = "<group>"; };
		486ED20C285DDC2F002D29E1 /* MediaListViewModel.swift */ = {isa = PBXFileReference; lastKnownFileType = sourcecode.swift; path = MediaListViewModel.swift; sourceTree = "<group>"; };
		486ED20E285DDE03002D29E1 /* ViewerId.graphql */ = {isa = PBXFileReference; lastKnownFileType = text; path = ViewerId.graphql; sourceTree = "<group>"; };
		486ED213285E3261002D29E1 /* MediaDetailsView.swift */ = {isa = PBXFileReference; lastKnownFileType = sourcecode.swift; path = MediaDetailsView.swift; sourceTree = "<group>"; };
		488C267828537B5F0005EE15 /* StringUtils.swift */ = {isa = PBXFileReference; lastKnownFileType = sourcecode.swift; path = StringUtils.swift; sourceTree = "<group>"; };
		488C267A2853801A0005EE15 /* Constants.swift */ = {isa = PBXFileReference; lastKnownFileType = sourcecode.swift; path = Constants.swift; sourceTree = "<group>"; };
		488C267D285380D90005EE15 /* ProfileView.swift */ = {isa = PBXFileReference; lastKnownFileType = sourcecode.swift; path = ProfileView.swift; sourceTree = "<group>"; };
		488C267F2853822E0005EE15 /* Config.xcconfig */ = {isa = PBXFileReference; lastKnownFileType = text.xcconfig; path = Config.xcconfig; sourceTree = "<group>"; };
		488C26802853837B0005EE15 /* .gitignore */ = {isa = PBXFileReference; lastKnownFileType = text; path = .gitignore; sourceTree = SOURCE_ROOT; };
		488C2681285386600005EE15 /* Info.plist */ = {isa = PBXFileReference; lastKnownFileType = text.plist; path = Info.plist; sourceTree = "<group>"; };
		488C26822853881F0005EE15 /* LoginViewModel.swift */ = {isa = PBXFileReference; lastKnownFileType = sourcecode.swift; path = LoginViewModel.swift; sourceTree = "<group>"; };
		488C268928539D5C0005EE15 /* Utils.swift */ = {isa = PBXFileReference; lastKnownFileType = sourcecode.swift; path = Utils.swift; sourceTree = "<group>"; };
		488C268B28539E240005EE15 /* TokenAddingInterceptor.swift */ = {isa = PBXFileReference; lastKnownFileType = sourcecode.swift; path = TokenAddingInterceptor.swift; sourceTree = "<group>"; };
		488C268E28539F320005EE15 /* NetworkInterceptorProvider.swift */ = {isa = PBXFileReference; lastKnownFileType = sourcecode.swift; path = NetworkInterceptorProvider.swift; sourceTree = "<group>"; };
		488C26902853A10D0005EE15 /* NotLoggedView.swift */ = {isa = PBXFileReference; lastKnownFileType = sourcecode.swift; path = NotLoggedView.swift; sourceTree = "<group>"; };
		48AB01F3286B6A4B004DC7FF /* SearchType.swift */ = {isa = PBXFileReference; lastKnownFileType = sourcecode.swift; path = SearchType.swift; sourceTree = "<group>"; };
		48AB01F5286B6F3C004DC7FF /* SearchMedia.graphql */ = {isa = PBXFileReference; lastKnownFileType = text; path = SearchMedia.graphql; sourceTree = "<group>"; };
		48AB01F7286B724A004DC7FF /* SearchViewModel.swift */ = {isa = PBXFileReference; lastKnownFileType = sourcecode.swift; path = SearchViewModel.swift; sourceTree = "<group>"; };
		48CA07A8287035530048854E /* MediaInfoType.swift */ = {isa = PBXFileReference; lastKnownFileType = sourcecode.swift; path = MediaInfoType.swift; sourceTree = "<group>"; };
		48CA07AC28703BE60048854E /* MediaGeneralInfoView.swift */ = {isa = PBXFileReference; lastKnownFileType = sourcecode.swift; path = MediaGeneralInfoView.swift; sourceTree = "<group>"; };
		48CA07AE287063420048854E /* MediaCharactersAndStaff.graphql */ = {isa = PBXFileReference; lastKnownFileType = text; path = MediaCharactersAndStaff.graphql; sourceTree = "<group>"; };
		48CA07B0287064B30048854E /* MediaCharactersAndStaffView.swift */ = {isa = PBXFileReference; lastKnownFileType = sourcecode.swift; path = MediaCharactersAndStaffView.swift; sourceTree = "<group>"; };
		48CA07B228706BD70048854E /* CharacterView.swift */ = {isa = PBXFileReference; lastKnownFileType = sourcecode.swift; path = CharacterView.swift; sourceTree = "<group>"; };
		48CA07B428706D8F0048854E /* CircleImageView.swift */ = {isa = PBXFileReference; lastKnownFileType = sourcecode.swift; path = CircleImageView.swift; sourceTree = "<group>"; };
		48CA07B628707DF80048854E /* StaffView.swift */ = {isa = PBXFileReference; lastKnownFileType = sourcecode.swift; path = StaffView.swift; sourceTree = "<group>"; };
		48CA07B828709FFF0048854E /* MediaRelationsAndRecommendations.graphql */ = {isa = PBXFileReference; lastKnownFileType = text; path = MediaRelationsAndRecommendations.graphql; sourceTree = "<group>"; };
		48CA07BA2870A0E40048854E /* MediaRelationsAndRecommendationsView.swift */ = {isa = PBXFileReference; lastKnownFileType = sourcecode.swift; path = MediaRelationsAndRecommendationsView.swift; sourceTree = "<group>"; };
		48E80F9D28734DA5002765FC /* FullCoverView.swift */ = {isa = PBXFileReference; lastKnownFileType = sourcecode.swift; path = FullCoverView.swift; sourceTree = "<group>"; };
		48FC9473286656F600C87F56 /* MediaInfoView.swift */ = {isa = PBXFileReference; lastKnownFileType = sourcecode.swift; path = MediaInfoView.swift; sourceTree = "<group>"; };
		48FC9478286852A300C87F56 /* ExploreView.swift */ = {isa = PBXFileReference; lastKnownFileType = sourcecode.swift; path = ExploreView.swift; sourceTree = "<group>"; };
		48FC947A2868653E00C87F56 /* RectangleTextView.swift */ = {isa = PBXFileReference; lastKnownFileType = sourcecode.swift; path = RectangleTextView.swift; sourceTree = "<group>"; };
		48FC947C2868C09400C87F56 /* MediaChart.graphql */ = {isa = PBXFileReference; lastKnownFileType = text; path = MediaChart.graphql; sourceTree = "<group>"; };
		48FC947E2868C0BD00C87F56 /* ExploreViewModel.swift */ = {isa = PBXFileReference; lastKnownFileType = sourcecode.swift; path = ExploreViewModel.swift; sourceTree = "<group>"; };
		48FC94802868C0F400C87F56 /* MediaChartListView.swift */ = {isa = PBXFileReference; lastKnownFileType = sourcecode.swift; path = MediaChartListView.swift; sourceTree = "<group>"; };
		48FC94822868C6DB00C87F56 /* ChartListItemView.swift */ = {isa = PBXFileReference; lastKnownFileType = sourcecode.swift; path = ChartListItemView.swift; sourceTree = "<group>"; };
/* End PBXFileReference section */

/* Begin PBXFrameworksBuildPhase section */
		481AD4D72851CE73001779EE /* Frameworks */ = {
			isa = PBXFrameworksBuildPhase;
			buildActionMask = 2147483647;
			files = (
				481A6B102864CD0F00AB9C89 /* Kingfisher in Frameworks */,
				488C268828539CC30005EE15 /* KeychainSwift in Frameworks */,
				481AD4EE2851CF90001779EE /* Apollo in Frameworks */,
				48E4BBDB285484D50070DDD6 /* netfox in Frameworks */,
			);
			runOnlyForDeploymentPostprocessing = 0;
		};
/* End PBXFrameworksBuildPhase section */

/* Begin PBXGroup section */
		481AD4D12851CE73001779EE = {
			isa = PBXGroup;
			children = (
				481AD4DC2851CE73001779EE /* AniHyou */,
				481AD4DB2851CE73001779EE /* Products */,
			);
			sourceTree = "<group>";
		};
		481AD4DB2851CE73001779EE /* Products */ = {
			isa = PBXGroup;
			children = (
				481AD4DA2851CE73001779EE /* AniHyou.app */,
			);
			name = Products;
			sourceTree = "<group>";
		};
		481AD4DC2851CE73001779EE /* AniHyou */ = {
			isa = PBXGroup;
			children = (
				488C2681285386600005EE15 /* Info.plist */,
				48AB01F2286B6A2F004DC7FF /* Model */,
				488C268D28539EFE0005EE15 /* Network */,
				481AD5032852211C001779EE /* Queries */,
				481AD4F32851D87E001779EE /* Views */,
				481AD4F22851D878001779EE /* Screens */,
				481AD4DD2851CE73001779EE /* AniHyouApp.swift */,
				481AD4F02851D84C001779EE /* API.swift */,
				481AD4E12851CE74001779EE /* Assets.xcassets */,
				481AD4E32851CE74001779EE /* Preview Content */,
				4832B02A285F35CE00E79D27 /* Utils */,
				488C267A2853801A0005EE15 /* Constants.swift */,
				488C267F2853822E0005EE15 /* Config.xcconfig */,
				488C26802853837B0005EE15 /* .gitignore */,
			);
			path = AniHyou;
			sourceTree = "<group>";
		};
		481AD4E32851CE74001779EE /* Preview Content */ = {
			isa = PBXGroup;
			children = (
				481AD4E42851CE74001779EE /* Preview Assets.xcassets */,
				4832B031285F406300E79D27 /* StringsPreview.swift */,
			);
			path = "Preview Content";
			sourceTree = "<group>";
		};
		481AD4F22851D878001779EE /* Screens */ = {
			isa = PBXGroup;
			children = (
				481AD4DF2851CE73001779EE /* ContentView.swift */,
				48FC94772868528900C87F56 /* Explore */,
				486ED210285E3215002D29E1 /* MediaDetails */,
				486ED201285DD344002D29E1 /* MediaList */,
				488C267C285380CB0005EE15 /* Profile */,
				481AD4F42851D8F8001779EE /* Home */,
			);
			path = Screens;
			sourceTree = "<group>";
		};
		481AD4F32851D87E001779EE /* Views */ = {
			isa = PBXGroup;
			children = (
				48CA07AA28703B530048854E /* Media */,
				48CA07AB28703BB20048854E /* MediaDetails */,
				481AD4FB2851F131001779EE /* HListItemWithSubtitleView.swift */,
				481AD50628522D74001779EE /* VListItemView.swift */,
				4832B02D285F38DC00E79D27 /* TopBannerView.swift */,
				488C26902853A10D0005EE15 /* NotLoggedView.swift */,
				4832B035285F9E1900E79D27 /* ExpandableTextView.swift */,
				481A6B0828637C1D00AB9C89 /* DatePickerToggleView.swift */,
				48FC947A2868653E00C87F56 /* RectangleTextView.swift */,
				48CA07B428706D8F0048854E /* CircleImageView.swift */,
			);
			path = Views;
			sourceTree = "<group>";
		};
		481AD4F42851D8F8001779EE /* Home */ = {
			isa = PBXGroup;
			children = (
				481AD4F52851D917001779EE /* HomeView.swift */,
				481AD4F72851D927001779EE /* HomeViewModel.swift */,
			);
			path = Home;
			sourceTree = "<group>";
		};
		481AD5032852211C001779EE /* Queries */ = {
			isa = PBXGroup;
			children = (
				481AD4EF2851D698001779EE /* Animes.graphql */,
				481AD4FF285204E9001779EE /* AiringAnimes.graphql */,
				481AD50428522139001779EE /* SeasonalAnime.graphql */,
				48643F422853C50400D7C328 /* ViewerBasicInfo.graphql */,
				486ED1FF285DD329002D29E1 /* UserMediaList.graphql */,
				486ED20E285DDE03002D29E1 /* ViewerId.graphql */,
				4832B026285F279600E79D27 /* MediaDetails.graphql */,
				481A6B0A2863944800AB9C89 /* UpdateEntryProgress.graphql */,
				481A6B0C2864BEB500AB9C89 /* UpdateEntry.graphql */,
				48FC947C2868C09400C87F56 /* MediaChart.graphql */,
				48AB01F5286B6F3C004DC7FF /* SearchMedia.graphql */,
				48CA07AE287063420048854E /* MediaCharactersAndStaff.graphql */,
				48CA07B828709FFF0048854E /* MediaRelationsAndRecommendations.graphql */,
			);
			path = Queries;
			sourceTree = "<group>";
		};
		4832B02A285F35CE00E79D27 /* Utils */ = {
			isa = PBXGroup;
			children = (
				488C268928539D5C0005EE15 /* Utils.swift */,
				481AD501285207B1001779EE /* DateUtils.swift */,
				488C267828537B5F0005EE15 /* StringUtils.swift */,
				4832B02B285F35E200E79D27 /* SwiftUIUtils.swift */,
			);
			path = Utils;
			sourceTree = "<group>";
		};
		486ED201285DD344002D29E1 /* MediaList */ = {
			isa = PBXGroup;
			children = (
				486ED208285DD649002D29E1 /* MediaListStatusView.swift */,
				486ED204285DD484002D29E1 /* MediaListView.swift */,
				486ED20C285DDC2F002D29E1 /* MediaListViewModel.swift */,
			);
			path = MediaList;
			sourceTree = "<group>";
		};
		486ED210285E3215002D29E1 /* MediaDetails */ = {
			isa = PBXGroup;
			children = (
				486ED213285E3261002D29E1 /* MediaDetailsView.swift */,
				4832B028285F27E000E79D27 /* MediaDetailsViewModel.swift */,
				48650F0B2860CBF40064C70A /* MediaListEditView.swift */,
				48650F0D2860CE720064C70A /* MediaListEditViewModel.swift */,
			);
			path = MediaDetails;
			sourceTree = "<group>";
		};
		488C267C285380CB0005EE15 /* Profile */ = {
			isa = PBXGroup;
			children = (
				488C267D285380D90005EE15 /* ProfileView.swift */,
				488C26822853881F0005EE15 /* LoginViewModel.swift */,
				48643F442853C54800D7C328 /* ProfileViewModel.swift */,
			);
			path = Profile;
			sourceTree = "<group>";
		};
		488C268D28539EFE0005EE15 /* Network */ = {
			isa = PBXGroup;
			children = (
				481AD4F92851DA02001779EE /* Network.swift */,
				488C268B28539E240005EE15 /* TokenAddingInterceptor.swift */,
				488C268E28539F320005EE15 /* NetworkInterceptorProvider.swift */,
			);
			path = Network;
			sourceTree = "<group>";
		};
		48AB01F2286B6A2F004DC7FF /* Model */ = {
			isa = PBXGroup;
			children = (
				48AB01F3286B6A4B004DC7FF /* SearchType.swift */,
				48CA07A8287035530048854E /* MediaInfoType.swift */,
			);
			path = Model;
			sourceTree = "<group>";
		};
		48CA07AA28703B530048854E /* Media */ = {
			isa = PBXGroup;
			children = (
				481AD4FD2851F677001779EE /* CoverPlaceholderView.swift */,
				4832B02F285F3CDD00E79D27 /* MediaCoverView.swift */,
				486ED206285DD4D8002D29E1 /* MediaListItemView.swift */,
				4832B033285F953100E79D27 /* MediaStatView.swift */,
				48FC9473286656F600C87F56 /* MediaInfoView.swift */,
				48FC94822868C6DB00C87F56 /* ChartListItemView.swift */,
				48E80F9D28734DA5002765FC /* FullCoverView.swift */,
			);
			path = Media;
			sourceTree = "<group>";
		};
		48CA07AB28703BB20048854E /* MediaDetails */ = {
			isa = PBXGroup;
			children = (
				48CA07AC28703BE60048854E /* MediaGeneralInfoView.swift */,
				48CA07B0287064B30048854E /* MediaCharactersAndStaffView.swift */,
				48CA07B228706BD70048854E /* CharacterView.swift */,
				48CA07B628707DF80048854E /* StaffView.swift */,
				48CA07BA2870A0E40048854E /* MediaRelationsAndRecommendationsView.swift */,
			);
			path = MediaDetails;
			sourceTree = "<group>";
		};
		48FC94772868528900C87F56 /* Explore */ = {
			isa = PBXGroup;
			children = (
				48FC9478286852A300C87F56 /* ExploreView.swift */,
				48FC947E2868C0BD00C87F56 /* ExploreViewModel.swift */,
				48FC94802868C0F400C87F56 /* MediaChartListView.swift */,
				48AB01F7286B724A004DC7FF /* SearchViewModel.swift */,
				4859F4EC286DB73E00BCB9B2 /* RootExploreView.swift */,
			);
			path = Explore;
			sourceTree = "<group>";
		};
/* End PBXGroup section */

/* Begin PBXNativeTarget section */
		481AD4D92851CE73001779EE /* AniHyou */ = {
			isa = PBXNativeTarget;
			buildConfigurationList = 481AD4E82851CE74001779EE /* Build configuration list for PBXNativeTarget "AniHyou" */;
			buildPhases = (
				481AD4EB2851CEB6001779EE /* Apollo */,
				481AD4D62851CE73001779EE /* Sources */,
				481AD4D72851CE73001779EE /* Frameworks */,
				481AD4D82851CE73001779EE /* Resources */,
			);
			buildRules = (
			);
			dependencies = (
			);
			name = AniHyou;
			packageProductDependencies = (
				481AD4ED2851CF90001779EE /* Apollo */,
				488C268728539CC30005EE15 /* KeychainSwift */,
				48E4BBDA285484D50070DDD6 /* netfox */,
				481A6B0F2864CD0F00AB9C89 /* Kingfisher */,
			);
			productName = AniHyou;
			productReference = 481AD4DA2851CE73001779EE /* AniHyou.app */;
			productType = "com.apple.product-type.application";
		};
/* End PBXNativeTarget section */

/* Begin PBXProject section */
		481AD4D22851CE73001779EE /* Project object */ = {
			isa = PBXProject;
			attributes = {
				BuildIndependentTargetsInParallel = 1;
				LastSwiftUpdateCheck = 1340;
				LastUpgradeCheck = 1340;
				TargetAttributes = {
					481AD4D92851CE73001779EE = {
						CreatedOnToolsVersion = 13.4.1;
					};
				};
			};
			buildConfigurationList = 481AD4D52851CE73001779EE /* Build configuration list for PBXProject "AniHyou" */;
			compatibilityVersion = "Xcode 13.0";
			developmentRegion = en;
			hasScannedForEncodings = 0;
			knownRegions = (
				en,
				Base,
			);
			mainGroup = 481AD4D12851CE73001779EE;
			packageReferences = (
				481AD4EC2851CF90001779EE /* XCRemoteSwiftPackageReference "apollo-ios" */,
				488C268628539CC30005EE15 /* XCRemoteSwiftPackageReference "keychain-swift" */,
				48E4BBD9285484D50070DDD6 /* XCRemoteSwiftPackageReference "netfox" */,
				481A6B0E2864CD0F00AB9C89 /* XCRemoteSwiftPackageReference "Kingfisher" */,
			);
			productRefGroup = 481AD4DB2851CE73001779EE /* Products */;
			projectDirPath = "";
			projectRoot = "";
			targets = (
				481AD4D92851CE73001779EE /* AniHyou */,
			);
		};
/* End PBXProject section */

/* Begin PBXResourcesBuildPhase section */
		481AD4D82851CE73001779EE /* Resources */ = {
			isa = PBXResourcesBuildPhase;
			buildActionMask = 2147483647;
			files = (
				48CA07B928709FFF0048854E /* MediaRelationsAndRecommendations.graphql in Resources */,
				48AB01F6286B6F3C004DC7FF /* SearchMedia.graphql in Resources */,
				481AD4E52851CE74001779EE /* Preview Assets.xcassets in Resources */,
				486ED20F285DDE03002D29E1 /* ViewerId.graphql in Resources */,
				481AD4E22851CE74001779EE /* Assets.xcassets in Resources */,
				48FC947D2868C09400C87F56 /* MediaChart.graphql in Resources */,
				48CA07AF287063420048854E /* MediaCharactersAndStaff.graphql in Resources */,
				4832B027285F279600E79D27 /* MediaDetails.graphql in Resources */,
				48643F432853C50400D7C328 /* ViewerBasicInfo.graphql in Resources */,
				481A6B0D2864BEB500AB9C89 /* UpdateEntry.graphql in Resources */,
				486ED200285DD329002D29E1 /* UserMediaList.graphql in Resources */,
				481A6B0B2863944800AB9C89 /* UpdateEntryProgress.graphql in Resources */,
			);
			runOnlyForDeploymentPostprocessing = 0;
		};
/* End PBXResourcesBuildPhase section */

/* Begin PBXShellScriptBuildPhase section */
		481AD4EB2851CEB6001779EE /* Apollo */ = {
			isa = PBXShellScriptBuildPhase;
			buildActionMask = 2147483647;
			files = (
			);
			inputFileListPaths = (
			);
			inputPaths = (
				"$(SRCROOT)/AniHyou/Queries/*.graphql",
			);
			name = Apollo;
			outputFileListPaths = (
			);
			outputPaths = (
				"$(SRCROOT)/AniHyou/API.swift",
			);
			runOnlyForDeploymentPostprocessing = 0;
			shellPath = /bin/sh;
			shellScript = "# Don't run this during index builds\nif [ $ACTION = \"indexbuild\" ]; then exit 0; fi\n\ncd \"${SRCROOT}\"/ApolloCodegen\nxcrun -sdk macosx swift run ApolloCodegen generate\n\n# propagate the xcrun call's return code to Xcode\nexit $?\n";
		};
/* End PBXShellScriptBuildPhase section */

/* Begin PBXSourcesBuildPhase section */
		481AD4D62851CE73001779EE /* Sources */ = {
			isa = PBXSourcesBuildPhase;
			buildActionMask = 2147483647;
			files = (
				481AD4E02851CE73001779EE /* ContentView.swift in Sources */,
				4832B02C285F35E200E79D27 /* SwiftUIUtils.swift in Sources */,
				48FC94832868C6DB00C87F56 /* ChartListItemView.swift in Sources */,
				48643F452853C54800D7C328 /* ProfileViewModel.swift in Sources */,
				488C267E285380D90005EE15 /* ProfileView.swift in Sources */,
				481AD4F12851D84C001779EE /* API.swift in Sources */,
				481AD4FE2851F677001779EE /* CoverPlaceholderView.swift in Sources */,
				48AB01F4286B6A4B004DC7FF /* SearchType.swift in Sources */,
				48650F0E2860CE720064C70A /* MediaListEditViewModel.swift in Sources */,
				481AD4FA2851DA02001779EE /* Network.swift in Sources */,
				4859F4ED286DB73E00BCB9B2 /* RootExploreView.swift in Sources */,
				481AD50728522D74001779EE /* VListItemView.swift in Sources */,
				486ED207285DD4D8002D29E1 /* MediaListItemView.swift in Sources */,
				48FC9479286852A300C87F56 /* ExploreView.swift in Sources */,
				488C26912853A10D0005EE15 /* NotLoggedView.swift in Sources */,
				4832B02E285F38DC00E79D27 /* TopBannerView.swift in Sources */,
				48CA07B528706D8F0048854E /* CircleImageView.swift in Sources */,
				48CA07A9287035530048854E /* MediaInfoType.swift in Sources */,
				481A6B0928637C1D00AB9C89 /* DatePickerToggleView.swift in Sources */,
				4832B036285F9E1900E79D27 /* ExpandableTextView.swift in Sources */,
				486ED209285DD649002D29E1 /* MediaListStatusView.swift in Sources */,
				48FC94812868C0F400C87F56 /* MediaChartListView.swift in Sources */,
				48CA07B328706BD70048854E /* CharacterView.swift in Sources */,
				486ED214285E3261002D29E1 /* MediaDetailsView.swift in Sources */,
				48CA07B1287064B30048854E /* MediaCharactersAndStaffView.swift in Sources */,
				4832B030285F3CDD00E79D27 /* MediaCoverView.swift in Sources */,
				48650F0C2860CBF40064C70A /* MediaListEditView.swift in Sources */,
				488C26832853881F0005EE15 /* LoginViewModel.swift in Sources */,
				488C268C28539E240005EE15 /* TokenAddingInterceptor.swift in Sources */,
				488C268A28539D5C0005EE15 /* Utils.swift in Sources */,
				4832B034285F953100E79D27 /* MediaStatView.swift in Sources */,
				48FC947B2868653E00C87F56 /* RectangleTextView.swift in Sources */,
				48CA07B728707DF80048854E /* StaffView.swift in Sources */,
				48E80F9E28734DA5002765FC /* FullCoverView.swift in Sources */,
				48FC9474286656F600C87F56 /* MediaInfoView.swift in Sources */,
				481AD502285207B1001779EE /* DateUtils.swift in Sources */,
				486ED20D285DDC2F002D29E1 /* MediaListViewModel.swift in Sources */,
				4832B032285F406300E79D27 /* StringsPreview.swift in Sources */,
				481AD4DE2851CE73001779EE /* AniHyouApp.swift in Sources */,
				481AD4FC2851F131001779EE /* HListItemWithSubtitleView.swift in Sources */,
				488C268F28539F320005EE15 /* NetworkInterceptorProvider.swift in Sources */,
				486ED205285DD484002D29E1 /* MediaListView.swift in Sources */,
				488C267928537B5F0005EE15 /* StringUtils.swift in Sources */,
				48AB01F8286B724A004DC7FF /* SearchViewModel.swift in Sources */,
				4832B029285F27E000E79D27 /* MediaDetailsViewModel.swift in Sources */,
				481AD4F82851D927001779EE /* HomeViewModel.swift in Sources */,
				48CA07AD28703BE60048854E /* MediaGeneralInfoView.swift in Sources */,
				48CA07BB2870A0E40048854E /* MediaRelationsAndRecommendationsView.swift in Sources */,
				481AD4F62851D917001779EE /* HomeView.swift in Sources */,
				48FC947F2868C0BD00C87F56 /* ExploreViewModel.swift in Sources */,
				488C267B2853801A0005EE15 /* Constants.swift in Sources */,
			);
			runOnlyForDeploymentPostprocessing = 0;
		};
/* End PBXSourcesBuildPhase section */

/* Begin XCBuildConfiguration section */
		481AD4E62851CE74001779EE /* Debug */ = {
			isa = XCBuildConfiguration;
			baseConfigurationReference = 488C267F2853822E0005EE15 /* Config.xcconfig */;
			buildSettings = {
				ALWAYS_SEARCH_USER_PATHS = NO;
				CLANG_ANALYZER_NONNULL = YES;
				CLANG_ANALYZER_NUMBER_OBJECT_CONVERSION = YES_AGGRESSIVE;
				CLANG_CXX_LANGUAGE_STANDARD = "gnu++17";
				CLANG_ENABLE_MODULES = YES;
				CLANG_ENABLE_OBJC_ARC = YES;
				CLANG_ENABLE_OBJC_WEAK = YES;
				CLANG_WARN_BLOCK_CAPTURE_AUTORELEASING = YES;
				CLANG_WARN_BOOL_CONVERSION = YES;
				CLANG_WARN_COMMA = YES;
				CLANG_WARN_CONSTANT_CONVERSION = YES;
				CLANG_WARN_DEPRECATED_OBJC_IMPLEMENTATIONS = YES;
				CLANG_WARN_DIRECT_OBJC_ISA_USAGE = YES_ERROR;
				CLANG_WARN_DOCUMENTATION_COMMENTS = YES;
				CLANG_WARN_EMPTY_BODY = YES;
				CLANG_WARN_ENUM_CONVERSION = YES;
				CLANG_WARN_INFINITE_RECURSION = YES;
				CLANG_WARN_INT_CONVERSION = YES;
				CLANG_WARN_NON_LITERAL_NULL_CONVERSION = YES;
				CLANG_WARN_OBJC_IMPLICIT_RETAIN_SELF = YES;
				CLANG_WARN_OBJC_LITERAL_CONVERSION = YES;
				CLANG_WARN_OBJC_ROOT_CLASS = YES_ERROR;
				CLANG_WARN_QUOTED_INCLUDE_IN_FRAMEWORK_HEADER = YES;
				CLANG_WARN_RANGE_LOOP_ANALYSIS = YES;
				CLANG_WARN_STRICT_PROTOTYPES = YES;
				CLANG_WARN_SUSPICIOUS_MOVE = YES;
				CLANG_WARN_UNGUARDED_AVAILABILITY = YES_AGGRESSIVE;
				CLANG_WARN_UNREACHABLE_CODE = YES;
				CLANG_WARN__DUPLICATE_METHOD_MATCH = YES;
				COPY_PHASE_STRIP = NO;
				DEBUG_INFORMATION_FORMAT = dwarf;
				ENABLE_STRICT_OBJC_MSGSEND = YES;
				ENABLE_TESTABILITY = YES;
				GCC_C_LANGUAGE_STANDARD = gnu11;
				GCC_DYNAMIC_NO_PIC = NO;
				GCC_NO_COMMON_BLOCKS = YES;
				GCC_OPTIMIZATION_LEVEL = 0;
				GCC_PREPROCESSOR_DEFINITIONS = (
					"DEBUG=1",
					"$(inherited)",
				);
				GCC_WARN_64_TO_32_BIT_CONVERSION = YES;
				GCC_WARN_ABOUT_RETURN_TYPE = YES_ERROR;
				GCC_WARN_UNDECLARED_SELECTOR = YES;
				GCC_WARN_UNINITIALIZED_AUTOS = YES_AGGRESSIVE;
				GCC_WARN_UNUSED_FUNCTION = YES;
				GCC_WARN_UNUSED_VARIABLE = YES;
				IPHONEOS_DEPLOYMENT_TARGET = 15.5;
				MTL_ENABLE_DEBUG_INFO = INCLUDE_SOURCE;
				MTL_FAST_MATH = YES;
				ONLY_ACTIVE_ARCH = YES;
				SDKROOT = iphoneos;
				SWIFT_ACTIVE_COMPILATION_CONDITIONS = DEBUG;
				SWIFT_OPTIMIZATION_LEVEL = "-Onone";
			};
			name = Debug;
		};
		481AD4E72851CE74001779EE /* Release */ = {
			isa = XCBuildConfiguration;
			baseConfigurationReference = 488C267F2853822E0005EE15 /* Config.xcconfig */;
			buildSettings = {
				ALWAYS_SEARCH_USER_PATHS = NO;
				CLANG_ANALYZER_NONNULL = YES;
				CLANG_ANALYZER_NUMBER_OBJECT_CONVERSION = YES_AGGRESSIVE;
				CLANG_CXX_LANGUAGE_STANDARD = "gnu++17";
				CLANG_ENABLE_MODULES = YES;
				CLANG_ENABLE_OBJC_ARC = YES;
				CLANG_ENABLE_OBJC_WEAK = YES;
				CLANG_WARN_BLOCK_CAPTURE_AUTORELEASING = YES;
				CLANG_WARN_BOOL_CONVERSION = YES;
				CLANG_WARN_COMMA = YES;
				CLANG_WARN_CONSTANT_CONVERSION = YES;
				CLANG_WARN_DEPRECATED_OBJC_IMPLEMENTATIONS = YES;
				CLANG_WARN_DIRECT_OBJC_ISA_USAGE = YES_ERROR;
				CLANG_WARN_DOCUMENTATION_COMMENTS = YES;
				CLANG_WARN_EMPTY_BODY = YES;
				CLANG_WARN_ENUM_CONVERSION = YES;
				CLANG_WARN_INFINITE_RECURSION = YES;
				CLANG_WARN_INT_CONVERSION = YES;
				CLANG_WARN_NON_LITERAL_NULL_CONVERSION = YES;
				CLANG_WARN_OBJC_IMPLICIT_RETAIN_SELF = YES;
				CLANG_WARN_OBJC_LITERAL_CONVERSION = YES;
				CLANG_WARN_OBJC_ROOT_CLASS = YES_ERROR;
				CLANG_WARN_QUOTED_INCLUDE_IN_FRAMEWORK_HEADER = YES;
				CLANG_WARN_RANGE_LOOP_ANALYSIS = YES;
				CLANG_WARN_STRICT_PROTOTYPES = YES;
				CLANG_WARN_SUSPICIOUS_MOVE = YES;
				CLANG_WARN_UNGUARDED_AVAILABILITY = YES_AGGRESSIVE;
				CLANG_WARN_UNREACHABLE_CODE = YES;
				CLANG_WARN__DUPLICATE_METHOD_MATCH = YES;
				COPY_PHASE_STRIP = NO;
				DEBUG_INFORMATION_FORMAT = "dwarf-with-dsym";
				ENABLE_NS_ASSERTIONS = NO;
				ENABLE_STRICT_OBJC_MSGSEND = YES;
				GCC_C_LANGUAGE_STANDARD = gnu11;
				GCC_NO_COMMON_BLOCKS = YES;
				GCC_WARN_64_TO_32_BIT_CONVERSION = YES;
				GCC_WARN_ABOUT_RETURN_TYPE = YES_ERROR;
				GCC_WARN_UNDECLARED_SELECTOR = YES;
				GCC_WARN_UNINITIALIZED_AUTOS = YES_AGGRESSIVE;
				GCC_WARN_UNUSED_FUNCTION = YES;
				GCC_WARN_UNUSED_VARIABLE = YES;
				IPHONEOS_DEPLOYMENT_TARGET = 15.5;
				MTL_ENABLE_DEBUG_INFO = NO;
				MTL_FAST_MATH = YES;
				SDKROOT = iphoneos;
				SWIFT_COMPILATION_MODE = wholemodule;
				SWIFT_OPTIMIZATION_LEVEL = "-O";
				VALIDATE_PRODUCT = YES;
			};
			name = Release;
		};
		481AD4E92851CE74001779EE /* Debug */ = {
			isa = XCBuildConfiguration;
			buildSettings = {
				ASSETCATALOG_COMPILER_APPICON_NAME = AppIcon;
				ASSETCATALOG_COMPILER_GLOBAL_ACCENT_COLOR_NAME = AccentColor;
				CODE_SIGN_STYLE = Automatic;
				CURRENT_PROJECT_VERSION = 1;
				DEVELOPMENT_ASSET_PATHS = "\"AniHyou/Preview Content\"";
				DEVELOPMENT_TEAM = SGU98T456G;
				ENABLE_PREVIEWS = YES;
				GENERATE_INFOPLIST_FILE = YES;
				INFOPLIST_FILE = AniHyou/Info.plist;
				INFOPLIST_KEY_UIApplicationSceneManifest_Generation = YES;
				INFOPLIST_KEY_UIApplicationSupportsIndirectInputEvents = YES;
				INFOPLIST_KEY_UILaunchScreen_Generation = YES;
				INFOPLIST_KEY_UISupportedInterfaceOrientations_iPad = "UIInterfaceOrientationPortrait UIInterfaceOrientationPortraitUpsideDown UIInterfaceOrientationLandscapeLeft UIInterfaceOrientationLandscapeRight";
				INFOPLIST_KEY_UISupportedInterfaceOrientations_iPhone = "UIInterfaceOrientationPortrait UIInterfaceOrientationLandscapeLeft UIInterfaceOrientationLandscapeRight";
				LD_RUNPATH_SEARCH_PATHS = (
					"$(inherited)",
					"@executable_path/Frameworks",
				);
				MARKETING_VERSION = 1.0;
				PRODUCT_BUNDLE_IDENTIFIER = com.axiel7.AniHyou;
				PRODUCT_NAME = "$(TARGET_NAME)";
				SWIFT_EMIT_LOC_STRINGS = YES;
				SWIFT_VERSION = 5.0;
				TARGETED_DEVICE_FAMILY = "1,2";
			};
			name = Debug;
		};
		481AD4EA2851CE74001779EE /* Release */ = {
			isa = XCBuildConfiguration;
			buildSettings = {
				ASSETCATALOG_COMPILER_APPICON_NAME = AppIcon;
				ASSETCATALOG_COMPILER_GLOBAL_ACCENT_COLOR_NAME = AccentColor;
				CODE_SIGN_STYLE = Automatic;
				CURRENT_PROJECT_VERSION = 1;
				DEVELOPMENT_ASSET_PATHS = "\"AniHyou/Preview Content\"";
				DEVELOPMENT_TEAM = SGU98T456G;
				ENABLE_PREVIEWS = YES;
				GENERATE_INFOPLIST_FILE = YES;
				INFOPLIST_FILE = AniHyou/Info.plist;
				INFOPLIST_KEY_UIApplicationSceneManifest_Generation = YES;
				INFOPLIST_KEY_UIApplicationSupportsIndirectInputEvents = YES;
				INFOPLIST_KEY_UILaunchScreen_Generation = YES;
				INFOPLIST_KEY_UISupportedInterfaceOrientations_iPad = "UIInterfaceOrientationPortrait UIInterfaceOrientationPortraitUpsideDown UIInterfaceOrientationLandscapeLeft UIInterfaceOrientationLandscapeRight";
				INFOPLIST_KEY_UISupportedInterfaceOrientations_iPhone = "UIInterfaceOrientationPortrait UIInterfaceOrientationLandscapeLeft UIInterfaceOrientationLandscapeRight";
				LD_RUNPATH_SEARCH_PATHS = (
					"$(inherited)",
					"@executable_path/Frameworks",
				);
				MARKETING_VERSION = 1.0;
				PRODUCT_BUNDLE_IDENTIFIER = com.axiel7.AniHyou;
				PRODUCT_NAME = "$(TARGET_NAME)";
				SWIFT_EMIT_LOC_STRINGS = YES;
				SWIFT_VERSION = 5.0;
				TARGETED_DEVICE_FAMILY = "1,2";
			};
			name = Release;
		};
/* End XCBuildConfiguration section */

/* Begin XCConfigurationList section */
		481AD4D52851CE73001779EE /* Build configuration list for PBXProject "AniHyou" */ = {
			isa = XCConfigurationList;
			buildConfigurations = (
				481AD4E62851CE74001779EE /* Debug */,
				481AD4E72851CE74001779EE /* Release */,
			);
			defaultConfigurationIsVisible = 0;
			defaultConfigurationName = Release;
		};
		481AD4E82851CE74001779EE /* Build configuration list for PBXNativeTarget "AniHyou" */ = {
			isa = XCConfigurationList;
			buildConfigurations = (
				481AD4E92851CE74001779EE /* Debug */,
				481AD4EA2851CE74001779EE /* Release */,
			);
			defaultConfigurationIsVisible = 0;
			defaultConfigurationName = Release;
		};
/* End XCConfigurationList section */

/* Begin XCRemoteSwiftPackageReference section */
		481A6B0E2864CD0F00AB9C89 /* XCRemoteSwiftPackageReference "Kingfisher" */ = {
			isa = XCRemoteSwiftPackageReference;
			repositoryURL = "https://github.com/onevcat/Kingfisher.git";
			requirement = {
				kind = upToNextMajorVersion;
				minimumVersion = 7.0.0;
			};
		};
		481AD4EC2851CF90001779EE /* XCRemoteSwiftPackageReference "apollo-ios" */ = {
			isa = XCRemoteSwiftPackageReference;
			repositoryURL = "https://github.com/apollographql/apollo-ios";
			requirement = {
				kind = upToNextMinorVersion;
				minimumVersion = 0.51.2;
			};
		};
		488C268628539CC30005EE15 /* XCRemoteSwiftPackageReference "keychain-swift" */ = {
			isa = XCRemoteSwiftPackageReference;
			repositoryURL = "https://github.com/evgenyneu/keychain-swift.git";
			requirement = {
				kind = upToNextMajorVersion;
				minimumVersion = 20.0.0;
			};
		};
		48E4BBD9285484D50070DDD6 /* XCRemoteSwiftPackageReference "netfox" */ = {
			isa = XCRemoteSwiftPackageReference;
			repositoryURL = "https://github.com/kasketis/netfox";
			requirement = {
				kind = upToNextMajorVersion;
				minimumVersion = 1.21.0;
			};
		};
/* End XCRemoteSwiftPackageReference section */

/* Begin XCSwiftPackageProductDependency section */
		481A6B0F2864CD0F00AB9C89 /* Kingfisher */ = {
			isa = XCSwiftPackageProductDependency;
			package = 481A6B0E2864CD0F00AB9C89 /* XCRemoteSwiftPackageReference "Kingfisher" */;
			productName = Kingfisher;
		};
		481AD4ED2851CF90001779EE /* Apollo */ = {
			isa = XCSwiftPackageProductDependency;
			package = 481AD4EC2851CF90001779EE /* XCRemoteSwiftPackageReference "apollo-ios" */;
			productName = Apollo;
		};
		488C268728539CC30005EE15 /* KeychainSwift */ = {
			isa = XCSwiftPackageProductDependency;
			package = 488C268628539CC30005EE15 /* XCRemoteSwiftPackageReference "keychain-swift" */;
			productName = KeychainSwift;
		};
		48E4BBDA285484D50070DDD6 /* netfox */ = {
			isa = XCSwiftPackageProductDependency;
			package = 48E4BBD9285484D50070DDD6 /* XCRemoteSwiftPackageReference "netfox" */;
			productName = netfox;
		};
/* End XCSwiftPackageProductDependency section */
	};
	rootObject = 481AD4D22851CE73001779EE /* Project object */;
}
